<Solution>
    <Folder Name="/Solutions Items/">
        <File Path="compose.yaml"/>
        <File Path="README.md"/>
        <File Path=".gitignore"/>
    </Folder>
    <Folder Name="/src/">
        <Project Path="src/Domain/Domain.csproj"/>
        <Project Path="src/Host/Host.csproj"/>
    </Folder>
</Solution>